<?xml version="1.0" encoding="utf-8"?>
<Project ToolsVersion="4.0" xmlns="http://schemas.microsoft.com/developer/msbuild/2003">
  <ItemGroup>
    <ClCompile Include="main.cpp" />
    <ClCompile Include="..\[Libraries]\MemoryHandler\MemoryHandler.cpp">
      <Filter>Utilities</Filter>
    </ClCompile>
    <ClCompile Include="SmartSoulsInternals.cpp" />
  </ItemGroup>
  <ItemGroup>
    <Filter Include="SKSE">
      <UniqueIdentifier>{a028b4b4-0c48-467b-99cf-74e708318eed}</UniqueIdentifier>
    </Filter>
    <Filter Include="Resources">
      <UniqueIdentifier>{f9464900-c789-40fd-aa40-e7d854d1a3be}</UniqueIdentifier>
    </Filter>
    <Filter Include="Utilities">
      <UniqueIdentifier>{ade7d034-c428-481f-a6be-8b921c8d8fda}</UniqueIdentifier>
    </Filter>
  </ItemGroup>
  <ItemGroup>
    <None Include="exports.def">
      <Filter>SKSE</Filter>
    </None>
  </ItemGroup>
  <ItemGroup>
    <ResourceCompile Include="Smart Souls.rc">
      <Filter>Resources</Filter>
    </ResourceCompile>
  </ItemGroup>
  <ItemGroup>
    <ClInclude Include="resource.h">
      <Filter>Resources</Filter>
    </ClInclude>
    <ClInclude Include="..\[Libraries]\SME_Prefix.h">
      <Filter>Utilities</Filter>
    </ClInclude>
    <ClInclude Include="..\[Libraries]\MemoryHandler\MemoryHandler.h">
      <Filter>Utilities</Filter>
    </ClInclude>
    <ClInclude Include="SmartSoulsInternals.h" />
  </ItemGroup>
</Project>