
Microsoft Visual Studio Solution File, Format Version 11.00
# Visual Studio 2010
Project("{8BC9CEB8-8B4A-11D0-8D11-00A0C91BC942}") = "Smart Souls", "Smart Souls.vcxproj", "{547171CB-F934-40B9-B788-3C520FE66363}"
EndProject
Project("{8BC9CEB8-8B4A-11D0-8D11-00A0C91BC942}") = "[Common]", "..\Common\common.vcxproj", "{20C6411C-596F-4B85-BE4E-8BC91F59D8A6}"
EndProject
Global
	GlobalSection(SolutionConfigurationPlatforms) = preSolution
		Debug|Win32 = Debug|Win32
		Release|Win32 = Release|Win32
	EndGlobalSection
	GlobalSection(ProjectConfigurationPlatforms) = postSolution
		{547171CB-F934-40B9-B788-3C520FE66363}.Debug|Win32.ActiveCfg = Debug|Win32
		{547171CB-F934-40B9-B788-3C520FE66363}.Debug|Win32.Build.0 = Debug|Win32
		{547171CB-F934-40B9-B788-3C520FE66363}.Release|Win32.ActiveCfg = Release|Win32
		{547171CB-F934-40B9-B788-3C520FE66363}.Release|Win32.Build.0 = Release|Win32
		{20C6411C-596F-4B85-BE4E-8BC91F59D8A6}.Debug|Win32.ActiveCfg = Debug|Win32
		{20C6411C-596F-4B85-BE4E-8BC91F59D8A6}.Debug|Win32.Build.0 = Debug|Win32
		{20C6411C-596F-4B85-BE4E-8BC91F59D8A6}.Release|Win32.ActiveCfg = Release|Win32
		{20C6411C-596F-4B85-BE4E-8BC91F59D8A6}.Release|Win32.Build.0 = Release|Win32
	EndGlobalSection
	GlobalSection(SolutionProperties) = preSolution
		HideSolutionNode = FALSE
	EndGlobalSection
EndGlobal
